
Microsoft Visual Studio Solution File, Format Version 12.00
# Visual Studio 2012
Project("{FAE04EC0-301F-11D3-BF4B-00C04F79EFBC}") = "Kina.Common", "Kina.Common\Kina.Common.csproj", "{18F2D45D-44D0-4940-8B1D-5D167BAEA922}"
EndProject
Project("{FAE04EC0-301F-11D3-BF4B-00C04F79EFBC}") = "Kina.Common.Autofac", "Kina.Common.Autofac\Kina.Common.Autofac.csproj", "{9AF02F60-9A40-4F94-AB8D-C317814BC84F}"
EndProject
Project("{FAE04EC0-301F-11D3-BF4B-00C04F79EFBC}") = "Kina.Common.Log4net", "Kina.Common.Log4net\Kina.Common.Log4net.csproj", "{2A8B6BC3-B375-490C-BA56-C8928A64BA8C}"
EndProject
Project("{2150E333-8FDC-42A3-9474-1A3956D46DE8}") = ".nuget", ".nuget", "{6646EB8A-1940-40D5-A9BF-94D60EE3D48F}"
	ProjectSection(SolutionItems) = preProject
		.nuget\NuGet.Config = .nuget\NuGet.Config
		.nuget\NuGet.exe = .nuget\NuGet.exe
		.nuget\NuGet.targets = .nuget\NuGet.targets
	EndProjectSection
EndProject
Global
	GlobalSection(SolutionConfigurationPlatforms) = preSolution
		Debug|Any CPU = Debug|Any CPU
		Release|Any CPU = Release|Any CPU
	EndGlobalSection
	GlobalSection(ProjectConfigurationPlatforms) = postSolution
		{18F2D45D-44D0-4940-8B1D-5D167BAEA922}.Debug|Any CPU.ActiveCfg = Debug|Any CPU
		{18F2D45D-44D0-4940-8B1D-5D167BAEA922}.Debug|Any CPU.Build.0 = Debug|Any CPU
		{18F2D45D-44D0-4940-8B1D-5D167BAEA922}.Release|Any CPU.ActiveCfg = Release|Any CPU
		{18F2D45D-44D0-4940-8B1D-5D167BAEA922}.Release|Any CPU.Build.0 = Release|Any CPU
		{9AF02F60-9A40-4F94-AB8D-C317814BC84F}.Debug|Any CPU.ActiveCfg = Debug|Any CPU
		{9AF02F60-9A40-4F94-AB8D-C317814BC84F}.Debug|Any CPU.Build.0 = Debug|Any CPU
		{9AF02F60-9A40-4F94-AB8D-C317814BC84F}.Release|Any CPU.ActiveCfg = Release|Any CPU
		{9AF02F60-9A40-4F94-AB8D-C317814BC84F}.Release|Any CPU.Build.0 = Release|Any CPU
		{2A8B6BC3-B375-490C-BA56-C8928A64BA8C}.Debug|Any CPU.ActiveCfg = Debug|Any CPU
		{2A8B6BC3-B375-490C-BA56-C8928A64BA8C}.Debug|Any CPU.Build.0 = Debug|Any CPU
		{2A8B6BC3-B375-490C-BA56-C8928A64BA8C}.Release|Any CPU.ActiveCfg = Release|Any CPU
		{2A8B6BC3-B375-490C-BA56-C8928A64BA8C}.Release|Any CPU.Build.0 = Release|Any CPU
	EndGlobalSection
	GlobalSection(SolutionProperties) = preSolution
		HideSolutionNode = FALSE
	EndGlobalSection
EndGlobal
